
Microsoft Visual Studio Solution File, Format Version 12.00
# Visual Studio Version 17
VisualStudioVersion = 17.11.35312.102
MinimumVisualStudioVersion = 10.0.40219.1
Project("{FAE04EC0-301F-11D3-BF4B-00C04F79EFBC}") = "IPluginBase.Core", "IPluginBase\IPluginBase.csproj", "{35D16208-A7DF-42DE-A979-CA5424D9C1FA}"
EndProject
Project("{9A19103F-16F7-4668-BE54-9A1E7A4F7556}") = "Test", "Test\Test.csproj", "{4D11623A-CD4A-43B6-8D6B-AE43B5E3F2BF}"
EndProject
Project("{9A19103F-16F7-4668-BE54-9A1E7A4F7556}") = "TestPlugin", "TestPlugin\TestPlugin.csproj", "{EE9439B4-9FE8-411A-8E94-BD25E2B38AD6}"
EndProject
Global
	GlobalSection(SolutionConfigurationPlatforms) = preSolution
		Debug|Any CPU = Debug|Any CPU
		Release|Any CPU = Release|Any CPU
	EndGlobalSection
	GlobalSection(ProjectConfigurationPlatforms) = postSolution
		{A9DBD73F-A383-4818-A425-B84B81A553E2}.Debug|Any CPU.ActiveCfg = Debug|Any CPU
		{A9DBD73F-A383-4818-A425-B84B81A553E2}.Debug|Any CPU.Build.0 = Debug|Any CPU
		{A9DBD73F-A383-4818-A425-B84B81A553E2}.Release|Any CPU.ActiveCfg = Release|Any CPU
		{A9DBD73F-A383-4818-A425-B84B81A553E2}.Release|Any CPU.Build.0 = Release|Any CPU
		{4D11623A-CD4A-43B6-8D6B-AE43B5E3F2BF}.Debug|Any CPU.ActiveCfg = Debug|Any CPU
		{4D11623A-CD4A-43B6-8D6B-AE43B5E3F2BF}.Debug|Any CPU.Build.0 = Debug|Any CPU
		{4D11623A-CD4A-43B6-8D6B-AE43B5E3F2BF}.Release|Any CPU.ActiveCfg = Release|Any CPU
		{4D11623A-CD4A-43B6-8D6B-AE43B5E3F2BF}.Release|Any CPU.Build.0 = Release|Any CPU
		{EE9439B4-9FE8-411A-8E94-BD25E2B38AD6}.Debug|Any CPU.ActiveCfg = Debug|Any CPU
		{EE9439B4-9FE8-411A-8E94-BD25E2B38AD6}.Debug|Any CPU.Build.0 = Debug|Any CPU
		{EE9439B4-9FE8-411A-8E94-BD25E2B38AD6}.Release|Any CPU.ActiveCfg = Release|Any CPU
		{EE9439B4-9FE8-411A-8E94-BD25E2B38AD6}.Release|Any CPU.Build.0 = Release|Any CPU
		{35D16208-A7DF-42DE-A979-CA5424D9C1FA}.Debug|Any CPU.ActiveCfg = Debug|Any CPU
		{35D16208-A7DF-42DE-A979-CA5424D9C1FA}.Debug|Any CPU.Build.0 = Debug|Any CPU
		{35D16208-A7DF-42DE-A979-CA5424D9C1FA}.Release|Any CPU.ActiveCfg = Release|Any CPU
		{35D16208-A7DF-42DE-A979-CA5424D9C1FA}.Release|Any CPU.Build.0 = Release|Any CPU
	EndGlobalSection
	GlobalSection(SolutionProperties) = preSolution
		HideSolutionNode = FALSE
	EndGlobalSection
	GlobalSection(ExtensibilityGlobals) = postSolution
		SolutionGuid = {D1605192-6FAE-4ED8-8C82-DB2C0534B2E5}
	EndGlobalSection
EndGlobal
